
Microsoft Visual Studio Solution File, Format Version 12.00
# Visual Studio 15
VisualStudioVersion = 15.0.28307.168
MinimumVisualStudioVersion = 10.0.40219.1
Project("{FAE04EC0-301F-11D3-BF4B-00C04F79EFBC}") = "ShopChomChon", "ShopChomChon\ShopChomChon.csproj", "{660344BB-1532-4CD8-91A9-85D32223ECF3}"
EndProject
Global
	GlobalSection(SolutionConfigurationPlatforms) = preSolution
		Debug|Any CPU = Debug|Any CPU
		Release|Any CPU = Release|Any CPU
	EndGlobalSection
	GlobalSection(ProjectConfigurationPlatforms) = postSolution
		{660344BB-1532-4CD8-91A9-85D32223ECF3}.Debug|Any CPU.ActiveCfg = Debug|Any CPU
		{660344BB-1532-4CD8-91A9-85D32223ECF3}.Debug|Any CPU.Build.0 = Debug|Any CPU
		{660344BB-1532-4CD8-91A9-85D32223ECF3}.Release|Any CPU.ActiveCfg = Release|Any CPU
		{660344BB-1532-4CD8-91A9-85D32223ECF3}.Release|Any CPU.Build.0 = Release|Any CPU
	EndGlobalSection
	GlobalSection(SolutionProperties) = preSolution
		HideSolutionNode = FALSE
	EndGlobalSection
	GlobalSection(ExtensibilityGlobals) = postSolution
		SolutionGuid = {29FBF591-408D-4760-B07F-40D4C5F15647}
	EndGlobalSection
EndGlobal
